
Microsoft Visual Studio Solution File, Format Version 12.00
# Visual Studio Version 16
VisualStudioVersion = 16.0.29411.138
MinimumVisualStudioVersion = 10.0.40219.1
Project("{FAE04EC0-301F-11D3-BF4B-00C04F79EFBC}") = "WebApplication4", "WebApplication4\WebApplication4.csproj", "{0DA4B5A1-D256-4645-971A-D68AE825BA03}"
EndProject
Global
	GlobalSection(SolutionConfigurationPlatforms) = preSolution
		Debug|Any CPU = Debug|Any CPU
		Release|Any CPU = Release|Any CPU
	EndGlobalSection
	GlobalSection(ProjectConfigurationPlatforms) = postSolution
		{0DA4B5A1-D256-4645-971A-D68AE825BA03}.Debug|Any CPU.ActiveCfg = Debug|Any CPU
		{0DA4B5A1-D256-4645-971A-D68AE825BA03}.Debug|Any CPU.Build.0 = Debug|Any CPU
		{0DA4B5A1-D256-4645-971A-D68AE825BA03}.Release|Any CPU.ActiveCfg = Release|Any CPU
		{0DA4B5A1-D256-4645-971A-D68AE825BA03}.Release|Any CPU.Build.0 = Release|Any CPU
	EndGlobalSection
	GlobalSection(SolutionProperties) = preSolution
		HideSolutionNode = FALSE
	EndGlobalSection
	GlobalSection(ExtensibilityGlobals) = postSolution
		SolutionGuid = {239EA3B4-5D61-4149-9538-99E2765870E4}
	EndGlobalSection
EndGlobal
